
Microsoft Visual Studio Solution File, Format Version 12.00
# Visual Studio Version 16
VisualStudioVersion = 16.0.29926.136
MinimumVisualStudioVersion = 10.0.40219.1
Project("{9A19103F-16F7-4668-BE54-9A1E7A4F7556}") = "MenuApi", "MenuApi\MenuApi.csproj", "{BE87E344-EDEA-48CB-9FA6-D29158FB9EF1}"
EndProject
Project("{00D1A9C2-B5F0-4AF3-8072-F6C62B433612}") = "MenuDB", "MenuDB\MenuDB.sqlproj", "{49C406A6-02DC-460D-92B3-3FCEF10F4B55}"
EndProject
Project("{9A19103F-16F7-4668-BE54-9A1E7A4F7556}") = "MenuApi.Tests", "MenuApi.Tests\MenuApi.Tests.csproj", "{1851B6C7-889F-4C05-9605-1E33BF98121D}"
EndProject
Project("{FAE04EC0-301F-11D3-BF4B-00C04F79EFBC}") = "MenuApi.Integration.Tests", "MenuApi.Integration.Tests\MenuApi.Integration.Tests.csproj", "{449DFD57-0865-4DDD-85F0-EA1810CB063B}"
EndProject
Global
	GlobalSection(SolutionConfigurationPlatforms) = preSolution
		Debug|Any CPU = Debug|Any CPU
		Release|Any CPU = Release|Any CPU
	EndGlobalSection
	GlobalSection(ProjectConfigurationPlatforms) = postSolution
		{BE87E344-EDEA-48CB-9FA6-D29158FB9EF1}.Debug|Any CPU.ActiveCfg = Debug|Any CPU
		{BE87E344-EDEA-48CB-9FA6-D29158FB9EF1}.Debug|Any CPU.Build.0 = Debug|Any CPU
		{BE87E344-EDEA-48CB-9FA6-D29158FB9EF1}.Release|Any CPU.ActiveCfg = Release|Any CPU
		{BE87E344-EDEA-48CB-9FA6-D29158FB9EF1}.Release|Any CPU.Build.0 = Release|Any CPU
		{49C406A6-02DC-460D-92B3-3FCEF10F4B55}.Debug|Any CPU.ActiveCfg = Debug|Any CPU
		{49C406A6-02DC-460D-92B3-3FCEF10F4B55}.Debug|Any CPU.Build.0 = Debug|Any CPU
		{49C406A6-02DC-460D-92B3-3FCEF10F4B55}.Debug|Any CPU.Deploy.0 = Debug|Any CPU
		{49C406A6-02DC-460D-92B3-3FCEF10F4B55}.Release|Any CPU.ActiveCfg = Release|Any CPU
		{49C406A6-02DC-460D-92B3-3FCEF10F4B55}.Release|Any CPU.Build.0 = Release|Any CPU
		{49C406A6-02DC-460D-92B3-3FCEF10F4B55}.Release|Any CPU.Deploy.0 = Release|Any CPU
		{1851B6C7-889F-4C05-9605-1E33BF98121D}.Debug|Any CPU.ActiveCfg = Debug|Any CPU
		{1851B6C7-889F-4C05-9605-1E33BF98121D}.Debug|Any CPU.Build.0 = Debug|Any CPU
		{1851B6C7-889F-4C05-9605-1E33BF98121D}.Release|Any CPU.ActiveCfg = Release|Any CPU
		{1851B6C7-889F-4C05-9605-1E33BF98121D}.Release|Any CPU.Build.0 = Release|Any CPU
		{449DFD57-0865-4DDD-85F0-EA1810CB063B}.Debug|Any CPU.ActiveCfg = Debug|Any CPU
		{449DFD57-0865-4DDD-85F0-EA1810CB063B}.Debug|Any CPU.Build.0 = Debug|Any CPU
		{449DFD57-0865-4DDD-85F0-EA1810CB063B}.Release|Any CPU.ActiveCfg = Release|Any CPU
		{449DFD57-0865-4DDD-85F0-EA1810CB063B}.Release|Any CPU.Build.0 = Release|Any CPU
	EndGlobalSection
	GlobalSection(SolutionProperties) = preSolution
		HideSolutionNode = FALSE
	EndGlobalSection
	GlobalSection(ExtensibilityGlobals) = postSolution
		SolutionGuid = {09ECC527-5A16-4553-8A7F-8654A09E5B31}
	EndGlobalSection
EndGlobal
