
Microsoft Visual Studio Solution File, Format Version 12.00
# Visual Studio Version 16
VisualStudioVersion = 16.0.29926.136
MinimumVisualStudioVersion = 10.0.40219.1
Project("{9A19103F-16F7-4668-BE54-9A1E7A4F7556}") = "MenuApi", "MenuApi\MenuApi.csproj", "{EEA3C669-CABF-4B7E-926D-DD5294F7D684}"
EndProject
Global
	GlobalSection(SolutionConfigurationPlatforms) = preSolution
		Debug|Any CPU = Debug|Any CPU
		Release|Any CPU = Release|Any CPU
	EndGlobalSection
	GlobalSection(ProjectConfigurationPlatforms) = postSolution
		{EEA3C669-CABF-4B7E-926D-DD5294F7D684}.Debug|Any CPU.ActiveCfg = Debug|Any CPU
		{EEA3C669-CABF-4B7E-926D-DD5294F7D684}.Debug|Any CPU.Build.0 = Debug|Any CPU
		{EEA3C669-CABF-4B7E-926D-DD5294F7D684}.Release|Any CPU.ActiveCfg = Release|Any CPU
		{EEA3C669-CABF-4B7E-926D-DD5294F7D684}.Release|Any CPU.Build.0 = Release|Any CPU
	EndGlobalSection
	GlobalSection(SolutionProperties) = preSolution
		HideSolutionNode = FALSE
	EndGlobalSection
	GlobalSection(ExtensibilityGlobals) = postSolution
		SolutionGuid = {09ECC527-5A16-4553-8A7F-8654A09E5B31}
	EndGlobalSection
EndGlobal
